
Microsoft Visual Studio Solution File, Format Version 12.00
# Visual Studio Version 16
VisualStudioVersion = 16.0.28803.352
MinimumVisualStudioVersion = 10.0.40219.1
Project("{FAE04EC0-301F-11D3-BF4B-00C04F79EFBC}") = "MSMSGit", "MSMSGit\MSMSGit.csproj", "{C5F8EB36-DA41-4E4F-B912-DC015D9FFCAB}"
EndProject
Global
	GlobalSection(SolutionConfigurationPlatforms) = preSolution
		Debug|Any CPU = Debug|Any CPU
		Release|Any CPU = Release|Any CPU
	EndGlobalSection
	GlobalSection(ProjectConfigurationPlatforms) = postSolution
		{C5F8EB36-DA41-4E4F-B912-DC015D9FFCAB}.Debug|Any CPU.ActiveCfg = Debug|Any CPU
		{C5F8EB36-DA41-4E4F-B912-DC015D9FFCAB}.Debug|Any CPU.Build.0 = Debug|Any CPU
		{C5F8EB36-DA41-4E4F-B912-DC015D9FFCAB}.Release|Any CPU.ActiveCfg = Release|Any CPU
		{C5F8EB36-DA41-4E4F-B912-DC015D9FFCAB}.Release|Any CPU.Build.0 = Release|Any CPU
	EndGlobalSection
	GlobalSection(SolutionProperties) = preSolution
		HideSolutionNode = FALSE
	EndGlobalSection
	GlobalSection(ExtensibilityGlobals) = postSolution
		SolutionGuid = {FAF46FA0-A5A9-41BF-A9C6-4E045C666115}
	EndGlobalSection
	GlobalSection(TeamFoundationVersionControl) = preSolution
		SccNumberOfProjects = 2
		SccEnterpriseProvider = {4CA58AB2-18FA-4F8D-95D4-32DDF27D184C}
		SccTeamFoundationServer = https://dev.azure.com/karthik123vtalent
		SccLocalPath0 = .
		SccProjectUniqueName1 = MSMSGit\\MSMSGit.csproj
		SccProjectName1 = MSMSGit
		SccLocalPath1 = MSMSGit
	EndGlobalSection
EndGlobal
